
Microsoft Visual Studio Solution File, Format Version 12.00
# Visual Studio 15
VisualStudioVersion = 15.0.26730.16
MinimumVisualStudioVersion = 10.0.40219.1
Project("{FAE04EC0-301F-11D3-BF4B-00C04F79EFBC}") = "DogukanUcak-AnsiAsignment", "DogukanUcak-AnsiAsignment\DogukanUcak-AnsiAsignment.csproj", "{9653C3CD-4BF3-459A-AEFD-61B92C68CC5C}"
EndProject
Global
	GlobalSection(SolutionConfigurationPlatforms) = preSolution
		Debug|Any CPU = Debug|Any CPU
		Release|Any CPU = Release|Any CPU
	EndGlobalSection
	GlobalSection(ProjectConfigurationPlatforms) = postSolution
		{9653C3CD-4BF3-459A-AEFD-61B92C68CC5C}.Debug|Any CPU.ActiveCfg = Debug|Any CPU
		{9653C3CD-4BF3-459A-AEFD-61B92C68CC5C}.Debug|Any CPU.Build.0 = Debug|Any CPU
		{9653C3CD-4BF3-459A-AEFD-61B92C68CC5C}.Release|Any CPU.ActiveCfg = Release|Any CPU
		{9653C3CD-4BF3-459A-AEFD-61B92C68CC5C}.Release|Any CPU.Build.0 = Release|Any CPU
	EndGlobalSection
	GlobalSection(SolutionProperties) = preSolution
		HideSolutionNode = FALSE
	EndGlobalSection
	GlobalSection(ExtensibilityGlobals) = postSolution
		SolutionGuid = {D9BA35F4-C617-4028-A18B-7BE9DF5FC733}
	EndGlobalSection
EndGlobal
